<?xml version="1.0" encoding="utf-8"?>
<Project ToolsVersion="4.0" xmlns="http://schemas.microsoft.com/developer/msbuild/2003">
  <ItemGroup>
    <Filter Include="源文件">
      <UniqueIdentifier>{4FC737F1-C7A5-4376-A066-2A32D752A2FF}</UniqueIdentifier>
      <Extensions>cpp;c;cc;cxx;def;odl;idl;hpj;bat;asm;asmx</Extensions>
    </Filter>
    <Filter Include="头文件">
      <UniqueIdentifier>{93995380-89BD-4b04-88EB-625FBE52EBFB}</UniqueIdentifier>
      <Extensions>h;hpp;hxx;hm;inl;inc;xsd</Extensions>
    </Filter>
    <Filter Include="资源文件">
      <UniqueIdentifier>{67DA6AB6-F800-4c08-8B7A-83BB121AAD01}</UniqueIdentifier>
      <Extensions>rc;ico;cur;bmp;dlg;rc2;rct;bin;rgs;gif;jpg;jpeg;jpe;resx;tiff;tif;png;wav;mfcribbon-ms</Extensions>
    </Filter>
  </ItemGroup>
  <ItemGroup>
    <Text Include="ReadMe.txt" />
  </ItemGroup>
  <ItemGroup>
    <ClInclude Include="stdafx.h">
      <Filter>头文件</Filter>
    </ClInclude>
    <ClInclude Include="targetver.h">
      <Filter>头文件</Filter>
    </ClInclude>
    <ClInclude Include="DDZPlayer.h">
      <Filter>头文件</Filter>
    </ClInclude>
    <ClInclude Include="define.h">
      <Filter>头文件</Filter>
    </ClInclude>
    <ClInclude Include="ThinkTable.h">
      <Filter>头文件</Filter>
    </ClInclude>
    <ClInclude Include="PublicVar.h">
      <Filter>头文件</Filter>
    </ClInclude>
    <ClInclude Include="MoveGenerator.h">
      <Filter>头文件</Filter>
    </ClInclude>
    <ClInclude Include="StringUtil.h">
      <Filter>头文件</Filter>
    </ClInclude>
    <ClInclude Include="Player.h">
      <Filter>头文件</Filter>
    </ClInclude>
    <ClInclude Include="Eveluation.h">
      <Filter>头文件</Filter>
    </ClInclude>
    <ClInclude Include="SearchEngine.h">
      <Filter>头文件</Filter>
    </ClInclude>
    <ClInclude Include="VectorUtil.h">
      <Filter>头文件</Filter>
    </ClInclude>
    <ClInclude Include="AlphaBeta.h">
      <Filter>头文件</Filter>
    </ClInclude>
    <ClInclude Include="MCSearch.h">
      <Filter>头文件</Filter>
    </ClInclude>
    <ClInclude Include="FileWriter.h">
      <Filter>头文件</Filter>
    </ClInclude>
    <ClInclude Include="DDZMoveManager.h">
      <Filter>头文件</Filter>
    </ClInclude>
    <ClInclude Include="DDZCombFactory.h">
      <Filter>头文件</Filter>
    </ClInclude>
  </ItemGroup>
  <ItemGroup>
    <ClCompile Include="stdafx.cpp">
      <Filter>源文件</Filter>
    </ClCompile>
    <ClCompile Include="DDZMain.cpp">
      <Filter>源文件</Filter>
    </ClCompile>
    <ClCompile Include="DDZPlayer.cpp">
      <Filter>源文件</Filter>
    </ClCompile>
    <ClCompile Include="ThinkTable.cpp">
      <Filter>源文件</Filter>
    </ClCompile>
    <ClCompile Include="PublicVar.cpp">
      <Filter>源文件</Filter>
    </ClCompile>
    <ClCompile Include="MoveGenerator.cpp">
      <Filter>源文件</Filter>
    </ClCompile>
    <ClCompile Include="StringUtil.cpp">
      <Filter>源文件</Filter>
    </ClCompile>
    <ClCompile Include="Player.cpp">
      <Filter>源文件</Filter>
    </ClCompile>
    <ClCompile Include="Eveluation.cpp">
      <Filter>源文件</Filter>
    </ClCompile>
    <ClCompile Include="SearchEngine.cpp">
      <Filter>源文件</Filter>
    </ClCompile>
    <ClCompile Include="VectorUtil.cpp">
      <Filter>源文件</Filter>
    </ClCompile>
    <ClCompile Include="AlphaBeta.cpp">
      <Filter>源文件</Filter>
    </ClCompile>
    <ClCompile Include="MCSearch.cpp">
      <Filter>源文件</Filter>
    </ClCompile>
    <ClCompile Include="FileWriter.cpp">
      <Filter>源文件</Filter>
    </ClCompile>
    <ClCompile Include="DDZMoveManager.cpp">
      <Filter>源文件</Filter>
    </ClCompile>
    <ClCompile Include="DDZCombFactory.cpp">
      <Filter>源文件</Filter>
    </ClCompile>
  </ItemGroup>
</Project>